
Microsoft Visual Studio Solution File, Format Version 12.00
# Visual Studio Version 17
VisualStudioVersion = 17.10.34916.146
MinimumVisualStudioVersion = 10.0.40219.1
Project("{FAE04EC0-301F-11D3-BF4B-00C04F79EFBC}") = "Test_Multiplayer_Game", "Test_Multiplayer_Game\Test_Multiplayer_Game.csproj", "{9F0F13D1-8EB6-43AA-A47F-E00CB1F32126}"
EndProject
Global
	GlobalSection(SolutionConfigurationPlatforms) = preSolution
		Debug|Any CPU = Debug|Any CPU
		Release|Any CPU = Release|Any CPU
	EndGlobalSection
	GlobalSection(ProjectConfigurationPlatforms) = postSolution
		{9F0F13D1-8EB6-43AA-A47F-E00CB1F32126}.Debug|Any CPU.ActiveCfg = Debug|Any CPU
		{9F0F13D1-8EB6-43AA-A47F-E00CB1F32126}.Debug|Any CPU.Build.0 = Debug|Any CPU
		{9F0F13D1-8EB6-43AA-A47F-E00CB1F32126}.Release|Any CPU.ActiveCfg = Release|Any CPU
		{9F0F13D1-8EB6-43AA-A47F-E00CB1F32126}.Release|Any CPU.Build.0 = Release|Any CPU
	EndGlobalSection
	GlobalSection(SolutionProperties) = preSolution
		HideSolutionNode = FALSE
	EndGlobalSection
	GlobalSection(ExtensibilityGlobals) = postSolution
		SolutionGuid = {FC5AF988-115A-426C-9FDE-C54FEE8F5619}
	EndGlobalSection
EndGlobal
